
Microsoft Visual Studio Solution File, Format Version 12.00
# Visual Studio 15
VisualStudioVersion = 15.0.27703.2000
MinimumVisualStudioVersion = 10.0.40219.1
Project("{9A19103F-16F7-4668-BE54-9A1E7A4F7556}") = "Exercise", "Exercise\Exercise.csproj", "{C11A31F7-6CDC-4BB5-AF1D-5DC05BDBE5A3}"
EndProject
Project("{FAE04EC0-301F-11D3-BF4B-00C04F79EFBC}") = "Database.Tests", "Database.Tests\Database.Tests.csproj", "{05D9C148-C69B-4966-985D-85BB23C4281C}"
EndProject
Project("{FAE04EC0-301F-11D3-BF4B-00C04F79EFBC}") = "Person.Test", "Person.Test\Person.Test.csproj", "{B77CBEFB-4F3E-4221-A45B-118F03F795E1}"
EndProject
Global
	GlobalSection(SolutionConfigurationPlatforms) = preSolution
		Debug|Any CPU = Debug|Any CPU
		Release|Any CPU = Release|Any CPU
	EndGlobalSection
	GlobalSection(ProjectConfigurationPlatforms) = postSolution
		{C11A31F7-6CDC-4BB5-AF1D-5DC05BDBE5A3}.Debug|Any CPU.ActiveCfg = Debug|Any CPU
		{C11A31F7-6CDC-4BB5-AF1D-5DC05BDBE5A3}.Debug|Any CPU.Build.0 = Debug|Any CPU
		{C11A31F7-6CDC-4BB5-AF1D-5DC05BDBE5A3}.Release|Any CPU.ActiveCfg = Release|Any CPU
		{C11A31F7-6CDC-4BB5-AF1D-5DC05BDBE5A3}.Release|Any CPU.Build.0 = Release|Any CPU
		{05D9C148-C69B-4966-985D-85BB23C4281C}.Debug|Any CPU.ActiveCfg = Debug|Any CPU
		{05D9C148-C69B-4966-985D-85BB23C4281C}.Debug|Any CPU.Build.0 = Debug|Any CPU
		{05D9C148-C69B-4966-985D-85BB23C4281C}.Release|Any CPU.ActiveCfg = Release|Any CPU
		{05D9C148-C69B-4966-985D-85BB23C4281C}.Release|Any CPU.Build.0 = Release|Any CPU
		{B77CBEFB-4F3E-4221-A45B-118F03F795E1}.Debug|Any CPU.ActiveCfg = Debug|Any CPU
		{B77CBEFB-4F3E-4221-A45B-118F03F795E1}.Debug|Any CPU.Build.0 = Debug|Any CPU
		{B77CBEFB-4F3E-4221-A45B-118F03F795E1}.Release|Any CPU.ActiveCfg = Release|Any CPU
		{B77CBEFB-4F3E-4221-A45B-118F03F795E1}.Release|Any CPU.Build.0 = Release|Any CPU
	EndGlobalSection
	GlobalSection(SolutionProperties) = preSolution
		HideSolutionNode = FALSE
	EndGlobalSection
	GlobalSection(ExtensibilityGlobals) = postSolution
		SolutionGuid = {4FD33771-90B1-4875-A717-258B30222619}
	EndGlobalSection
EndGlobal
